
Microsoft Visual Studio Solution File, Format Version 12.00
# Visual Studio 15
VisualStudioVersion = 15.0.28010.2016
MinimumVisualStudioVersion = 10.0.40219.1
Project("{FAE04EC0-301F-11D3-BF4B-00C04F79EFBC}") = "Projeto_Marlon", "Projeto_Marlon.csproj", "{44900B91-7C4F-4176-9C04-FF0561102B57}"
EndProject
Global
	GlobalSection(SolutionConfigurationPlatforms) = preSolution
		Debug|Any CPU = Debug|Any CPU
		Release|Any CPU = Release|Any CPU
	EndGlobalSection
	GlobalSection(ProjectConfigurationPlatforms) = postSolution
		{44900B91-7C4F-4176-9C04-FF0561102B57}.Debug|Any CPU.ActiveCfg = Debug|Any CPU
		{44900B91-7C4F-4176-9C04-FF0561102B57}.Debug|Any CPU.Build.0 = Debug|Any CPU
		{44900B91-7C4F-4176-9C04-FF0561102B57}.Release|Any CPU.ActiveCfg = Release|Any CPU
		{44900B91-7C4F-4176-9C04-FF0561102B57}.Release|Any CPU.Build.0 = Release|Any CPU
	EndGlobalSection
	GlobalSection(SolutionProperties) = preSolution
		HideSolutionNode = FALSE
	EndGlobalSection
	GlobalSection(ExtensibilityGlobals) = postSolution
		SolutionGuid = {E75DE983-6BB1-4EF8-A2BC-77F89C6CD5B6}
	EndGlobalSection
EndGlobal
